// !$*UTF8*$!
{
	archiveVersion = 1;
	classes = {
	};
	objectVersion = 50;
	objects = {

/* Begin PBXBuildFile section */
		B24F80EF25AD5E54008B8B98 /* TMapSDK.framework in Frameworks */ = {isa = PBXBuildFile; fileRef = B24F80EC25AD5E45008B8B98 /* TMapSDK.framework */; };
		B24F80F025AD5E54008B8B98 /* TMapSDK.framework in Embed Frameworks */ = {isa = PBXBuildFile; fileRef = B24F80EC25AD5E45008B8B98 /* TMapSDK.framework */; settings = {ATTRIBUTES = (CodeSignOnCopy, RemoveHeadersOnCopy, ); }; };
		B2FAEACC25AC5C6000C1116B /* AppDelegate.swift in Sources */ = {isa = PBXBuildFile; fileRef = B2FAEACB25AC5C6000C1116B /* AppDelegate.swift */; };
		B2FAEACE25AC5C6000C1116B /* SceneDelegate.swift in Sources */ = {isa = PBXBuildFile; fileRef = B2FAEACD25AC5C6000C1116B /* SceneDelegate.swift */; };
		B2FAEAD025AC5C6000C1116B /* MainViewController.swift in Sources */ = {isa = PBXBuildFile; fileRef = B2FAEACF25AC5C6000C1116B /* MainViewController.swift */; };
		B2FAEAD325AC5C6000C1116B /* Main.storyboard in Resources */ = {isa = PBXBuildFile; fileRef = B2FAEAD125AC5C6000C1116B /* Main.storyboard */; };
		B2FAEAD525AC5C6200C1116B /* Assets.xcassets in Resources */ = {isa = PBXBuildFile; fileRef = B2FAEAD425AC5C6200C1116B /* Assets.xcassets */; };
		B2FAEAD825AC5C6200C1116B /* LaunchScreen.storyboard in Resources */ = {isa = PBXBuildFile; fileRef = B2FAEAD625AC5C6200C1116B /* LaunchScreen.storyboard */; };
/* End PBXBuildFile section */

/* Begin PBXCopyFilesBuildPhase section */
		B24F80F125AD5E54008B8B98 /* Embed Frameworks */ = {
			isa = PBXCopyFilesBuildPhase;
			buildActionMask = 2147483647;
			dstPath = "";
			dstSubfolderSpec = 10;
			files = (
				B24F80F025AD5E54008B8B98 /* TMapSDK.framework in Embed Frameworks */,
			);
			name = "Embed Frameworks";
			runOnlyForDeploymentPostprocessing = 0;
		};
/* End PBXCopyFilesBuildPhase section */

/* Begin PBXFileReference section */
		B24F80EC25AD5E45008B8B98 /* TMapSDK.framework */ = {isa = PBXFileReference; lastKnownFileType = wrapper.framework; path = TMapSDK.framework; sourceTree = "<group>"; };
		B2FAEAC825AC5C5F00C1116B /* TMapViewDemo.app */ = {isa = PBXFileReference; explicitFileType = wrapper.application; includeInIndex = 0; path = TMapViewDemo.app; sourceTree = BUILT_PRODUCTS_DIR; };
		B2FAEACB25AC5C6000C1116B /* AppDelegate.swift */ = {isa = PBXFileReference; lastKnownFileType = sourcecode.swift; path = AppDelegate.swift; sourceTree = "<group>"; };
		B2FAEACD25AC5C6000C1116B /* SceneDelegate.swift */ = {isa = PBXFileReference; lastKnownFileType = sourcecode.swift; path = SceneDelegate.swift; sourceTree = "<group>"; };
		B2FAEACF25AC5C6000C1116B /* MainViewController.swift */ = {isa = PBXFileReference; lastKnownFileType = sourcecode.swift; path = MainViewController.swift; sourceTree = "<group>"; };
		B2FAEAD225AC5C6000C1116B /* Base */ = {isa = PBXFileReference; lastKnownFileType = file.storyboard; name = Base; path = Base.lproj/Main.storyboard; sourceTree = "<group>"; };
		B2FAEAD425AC5C6200C1116B /* Assets.xcassets */ = {isa = PBXFileReference; lastKnownFileType = folder.assetcatalog; path = Assets.xcassets; sourceTree = "<group>"; };
		B2FAEAD725AC5C6200C1116B /* Base */ = {isa = PBXFileReference; lastKnownFileType = file.storyboard; name = Base; path = Base.lproj/LaunchScreen.storyboard; sourceTree = "<group>"; };
		B2FAEAD925AC5C6200C1116B /* Info.plist */ = {isa = PBXFileReference; lastKnownFileType = text.plist.xml; path = Info.plist; sourceTree = "<group>"; };
/* End PBXFileReference section */

/* Begin PBXFrameworksBuildPhase section */
		B2FAEAC525AC5C5F00C1116B /* Frameworks */ = {
			isa = PBXFrameworksBuildPhase;
			buildActionMask = 2147483647;
			files = (
				B24F80EF25AD5E54008B8B98 /* TMapSDK.framework in Frameworks */,
			);
			runOnlyForDeploymentPostprocessing = 0;
		};
/* End PBXFrameworksBuildPhase section */

/* Begin PBXGroup section */
		B2FAEABF25AC5C5F00C1116B = {
			isa = PBXGroup;
			children = (
				B2FAEACA25AC5C6000C1116B /* TMapViewDemo */,
				B2FAEAC925AC5C5F00C1116B /* Products */,
			);
			sourceTree = "<group>";
		};
		B2FAEAC925AC5C5F00C1116B /* Products */ = {
			isa = PBXGroup;
			children = (
				B2FAEAC825AC5C5F00C1116B /* TMapViewDemo.app */,
			);
			name = Products;
			sourceTree = "<group>";
		};
		B2FAEACA25AC5C6000C1116B /* TMapViewDemo */ = {
			isa = PBXGroup;
			children = (
				B24F80EC25AD5E45008B8B98 /* TMapSDK.framework */,
				B2FAEACB25AC5C6000C1116B /* AppDelegate.swift */,
				B2FAEACD25AC5C6000C1116B /* SceneDelegate.swift */,
				B2FAEACF25AC5C6000C1116B /* MainViewController.swift */,
				B2FAEAD125AC5C6000C1116B /* Main.storyboard */,
				B2FAEAD425AC5C6200C1116B /* Assets.xcassets */,
				B2FAEAD625AC5C6200C1116B /* LaunchScreen.storyboard */,
				B2FAEAD925AC5C6200C1116B /* Info.plist */,
			);
			path = TMapViewDemo;
			sourceTree = "<group>";
		};
/* End PBXGroup section */

/* Begin PBXNativeTarget section */
		B2FAEAC725AC5C5F00C1116B /* TMapViewDemo */ = {
			isa = PBXNativeTarget;
			buildConfigurationList = B2FAEADC25AC5C6200C1116B /* Build configuration list for PBXNativeTarget "TMapViewDemo" */;
			buildPhases = (
				B2FAEAC425AC5C5F00C1116B /* Sources */,
				B2FAEAC525AC5C5F00C1116B /* Frameworks */,
				B2FAEAC625AC5C5F00C1116B /* Resources */,
				B24F80F125AD5E54008B8B98 /* Embed Frameworks */,
			);
			buildRules = (
			);
			dependencies = (
			);
			name = TMapViewDemo;
			productName = TMapViewDemo;
			productReference = B2FAEAC825AC5C5F00C1116B /* TMapViewDemo.app */;
			productType = "com.apple.product-type.application";
		};
/* End PBXNativeTarget section */

/* Begin PBXProject section */
		B2FAEAC025AC5C5F00C1116B /* Project object */ = {
			isa = PBXProject;
			attributes = {
				LastSwiftUpdateCheck = 1230;
				LastUpgradeCheck = 1230;
				TargetAttributes = {
					B2FAEAC725AC5C5F00C1116B = {
						CreatedOnToolsVersion = 12.3;
					};
				};
			};
			buildConfigurationList = B2FAEAC325AC5C5F00C1116B /* Build configuration list for PBXProject "TMapViewDemo" */;
			compatibilityVersion = "Xcode 9.3";
			developmentRegion = en;
			hasScannedForEncodings = 0;
			knownRegions = (
				en,
				Base,
			);
			mainGroup = B2FAEABF25AC5C5F00C1116B;
			productRefGroup = B2FAEAC925AC5C5F00C1116B /* Products */;
			projectDirPath = "";
			projectRoot = "";
			targets = (
				B2FAEAC725AC5C5F00C1116B /* TMapViewDemo */,
			);
		};
/* End PBXProject section */

/* Begin PBXResourcesBuildPhase section */
		B2FAEAC625AC5C5F00C1116B /* Resources */ = {
			isa = PBXResourcesBuildPhase;
			buildActionMask = 2147483647;
			files = (
				B2FAEAD825AC5C6200C1116B /* LaunchScreen.storyboard in Resources */,
				B2FAEAD525AC5C6200C1116B /* Assets.xcassets in Resources */,
				B2FAEAD325AC5C6000C1116B /* Main.storyboard in Resources */,
			);
			runOnlyForDeploymentPostprocessing = 0;
		};
/* End PBXResourcesBuildPhase section */

/* Begin PBXSourcesBuildPhase section */
		B2FAEAC425AC5C5F00C1116B /* Sources */ = {
			isa = PBXSourcesBuildPhase;
			buildActionMask = 2147483647;
			files = (
				B2FAEAD025AC5C6000C1116B /* MainViewController.swift in Sources */,
				B2FAEACC25AC5C6000C1116B /* AppDelegate.swift in Sources */,
				B2FAEACE25AC5C6000C1116B /* SceneDelegate.swift in Sources */,
			);
			runOnlyForDeploymentPostprocessing = 0;
		};
/* End PBXSourcesBuildPhase section */

/* Begin PBXVariantGroup section */
		B2FAEAD125AC5C6000C1116B /* Main.storyboard */ = {
			isa = PBXVariantGroup;
			children = (
				B2FAEAD225AC5C6000C1116B /* Base */,
			);
			name = Main.storyboard;
			sourceTree = "<group>";
		};
		B2FAEAD625AC5C6200C1116B /* LaunchScreen.storyboard */ = {
			isa = PBXVariantGroup;
			children = (
				B2FAEAD725AC5C6200C1116B /* Base */,
			);
			name = LaunchScreen.storyboard;
			sourceTree = "<group>";
		};
/* End PBXVariantGroup section */

/* Begin XCBuildConfiguration section */
		B2FAEADA25AC5C6200C1116B /* Debug */ = {
			isa = XCBuildConfiguration;
			buildSettings = {
				ALWAYS_SEARCH_USER_PATHS = NO;
				CLANG_ANALYZER_NONNULL = YES;
				CLANG_ANALYZER_NUMBER_OBJECT_CONVERSION = YES_AGGRESSIVE;
				CLANG_CXX_LANGUAGE_STANDARD = "gnu++14";
				CLANG_CXX_LIBRARY = "libc++";
				CLANG_ENABLE_MODULES = YES;
				CLANG_ENABLE_OBJC_ARC = YES;
				CLANG_ENABLE_OBJC_WEAK = YES;
				CLANG_WARN_BLOCK_CAPTURE_AUTORELEASING = YES;
				CLANG_WARN_BOOL_CONVERSION = YES;
				CLANG_WARN_COMMA = YES;
				CLANG_WARN_CONSTANT_CONVERSION = YES;
				CLANG_WARN_DEPRECATED_OBJC_IMPLEMENTATIONS = YES;
				CLANG_WARN_DIRECT_OBJC_ISA_USAGE = YES_ERROR;
				CLANG_WARN_DOCUMENTATION_COMMENTS = YES;
				CLANG_WARN_EMPTY_BODY = YES;
				CLANG_WARN_ENUM_CONVERSION = YES;
				CLANG_WARN_INFINITE_RECURSION = YES;
				CLANG_WARN_INT_CONVERSION = YES;
				CLANG_WARN_NON_LITERAL_NULL_CONVERSION = YES;
				CLANG_WARN_OBJC_IMPLICIT_RETAIN_SELF = YES;
				CLANG_WARN_OBJC_LITERAL_CONVERSION = YES;
				CLANG_WARN_OBJC_ROOT_CLASS = YES_ERROR;
				CLANG_WARN_QUOTED_INCLUDE_IN_FRAMEWORK_HEADER = YES;
				CLANG_WARN_RANGE_LOOP_ANALYSIS = YES;
				CLANG_WARN_STRICT_PROTOTYPES = YES;
				CLANG_WARN_SUSPICIOUS_MOVE = YES;
				CLANG_WARN_UNGUARDED_AVAILABILITY = YES_AGGRESSIVE;
				CLANG_WARN_UNREACHABLE_CODE = YES;
				CLANG_WARN__DUPLICATE_METHOD_MATCH = YES;
				COPY_PHASE_STRIP = NO;
				DEBUG_INFORMATION_FORMAT = dwarf;
				ENABLE_STRICT_OBJC_MSGSEND = YES;
				ENABLE_TESTABILITY = YES;
				GCC_C_LANGUAGE_STANDARD = gnu11;
				GCC_DYNAMIC_NO_PIC = NO;
				GCC_NO_COMMON_BLOCKS = YES;
				GCC_OPTIMIZATION_LEVEL = 0;
				GCC_PREPROCESSOR_DEFINITIONS = (
					"DEBUG=1",
					"$(inherited)",
				);
				GCC_WARN_64_TO_32_BIT_CONVERSION = YES;
				GCC_WARN_ABOUT_RETURN_TYPE = YES_ERROR;
				GCC_WARN_UNDECLARED_SELECTOR = YES;
				GCC_WARN_UNINITIALIZED_AUTOS = YES_AGGRESSIVE;
				GCC_WARN_UNUSED_FUNCTION = YES;
				GCC_WARN_UNUSED_VARIABLE = YES;
				IPHONEOS_DEPLOYMENT_TARGET = 14.2;
				MTL_ENABLE_DEBUG_INFO = INCLUDE_SOURCE;
				MTL_FAST_MATH = YES;
				ONLY_ACTIVE_ARCH = YES;
				SDKROOT = iphoneos;
				SWIFT_ACTIVE_COMPILATION_CONDITIONS = DEBUG;
				SWIFT_OPTIMIZATION_LEVEL = "-Onone";
				VALIDATE_WORKSPACE = YES;
			};
			name = Debug;
		};
		B2FAEADB25AC5C6200C1116B /* Release */ = {
			isa = XCBuildConfiguration;
			buildSettings = {
				ALWAYS_SEARCH_USER_PATHS = NO;
				CLANG_ANALYZER_NONNULL = YES;
				CLANG_ANALYZER_NUMBER_OBJECT_CONVERSION = YES_AGGRESSIVE;
				CLANG_CXX_LANGUAGE_STANDARD = "gnu++14";
				CLANG_CXX_LIBRARY = "libc++";
				CLANG_ENABLE_MODULES = YES;
				CLANG_ENABLE_OBJC_ARC = YES;
				CLANG_ENABLE_OBJC_WEAK = YES;
				CLANG_WARN_BLOCK_CAPTURE_AUTORELEASING = YES;
				CLANG_WARN_BOOL_CONVERSION = YES;
				CLANG_WARN_COMMA = YES;
				CLANG_WARN_CONSTANT_CONVERSION = YES;
				CLANG_WARN_DEPRECATED_OBJC_IMPLEMENTATIONS = YES;
				CLANG_WARN_DIRECT_OBJC_ISA_USAGE = YES_ERROR;
				CLANG_WARN_DOCUMENTATION_COMMENTS = YES;
				CLANG_WARN_EMPTY_BODY = YES;
				CLANG_WARN_ENUM_CONVERSION = YES;
				CLANG_WARN_INFINITE_RECURSION = YES;
				CLANG_WARN_INT_CONVERSION = YES;
				CLANG_WARN_NON_LITERAL_NULL_CONVERSION = YES;
				CLANG_WARN_OBJC_IMPLICIT_RETAIN_SELF = YES;
				CLANG_WARN_OBJC_LITERAL_CONVERSION = YES;
				CLANG_WARN_OBJC_ROOT_CLASS = YES_ERROR;
				CLANG_WARN_QUOTED_INCLUDE_IN_FRAMEWORK_HEADER = YES;
				CLANG_WARN_RANGE_LOOP_ANALYSIS = YES;
				CLANG_WARN_STRICT_PROTOTYPES = YES;
				CLANG_WARN_SUSPICIOUS_MOVE = YES;
				CLANG_WARN_UNGUARDED_AVAILABILITY = YES_AGGRESSIVE;
				CLANG_WARN_UNREACHABLE_CODE = YES;
				CLANG_WARN__DUPLICATE_METHOD_MATCH = YES;
				COPY_PHASE_STRIP = NO;
				DEBUG_INFORMATION_FORMAT = "dwarf-with-dsym";
				ENABLE_NS_ASSERTIONS = NO;
				ENABLE_STRICT_OBJC_MSGSEND = YES;
				GCC_C_LANGUAGE_STANDARD = gnu11;
				GCC_NO_COMMON_BLOCKS = YES;
				GCC_WARN_64_TO_32_BIT_CONVERSION = YES;
				GCC_WARN_ABOUT_RETURN_TYPE = YES_ERROR;
				GCC_WARN_UNDECLARED_SELECTOR = YES;
				GCC_WARN_UNINITIALIZED_AUTOS = YES_AGGRESSIVE;
				GCC_WARN_UNUSED_FUNCTION = YES;
				GCC_WARN_UNUSED_VARIABLE = YES;
				IPHONEOS_DEPLOYMENT_TARGET = 14.2;
				MTL_ENABLE_DEBUG_INFO = NO;
				MTL_FAST_MATH = YES;
				SDKROOT = iphoneos;
				SWIFT_COMPILATION_MODE = wholemodule;
				SWIFT_OPTIMIZATION_LEVEL = "-O";
				VALIDATE_PRODUCT = YES;
				VALIDATE_WORKSPACE = YES;
			};
			name = Release;
		};
		B2FAEADD25AC5C6200C1116B /* Debug */ = {
			isa = XCBuildConfiguration;
			buildSettings = {
				ASSETCATALOG_COMPILER_APPICON_NAME = AppIcon;
				ASSETCATALOG_COMPILER_GLOBAL_ACCENT_COLOR_NAME = AccentColor;
				CODE_SIGN_STYLE = Automatic;
				DEVELOPMENT_TEAM = GZV4DZHX26;
				FRAMEWORK_SEARCH_PATHS = (
					"$(inherited)",
					"$(PROJECT_DIR)/TMapViewDemo",
				);
				INFOPLIST_FILE = TMapViewDemo/Info.plist;
				LD_RUNPATH_SEARCH_PATHS = (
					"$(inherited)",
					"@executable_path/Frameworks",
				);
				PRODUCT_BUNDLE_IDENTIFIER = com.gmtck.joseph.TMapViewDemo;
				PRODUCT_NAME = "$(TARGET_NAME)";
				SWIFT_VERSION = 5.0;
				TARGETED_DEVICE_FAMILY = "1,2";
				VALIDATE_WORKSPACE = YES;
			};
			name = Debug;
		};
		B2FAEADE25AC5C6200C1116B /* Release */ = {
			isa = XCBuildConfiguration;
			buildSettings = {
				ASSETCATALOG_COMPILER_APPICON_NAME = AppIcon;
				ASSETCATALOG_COMPILER_GLOBAL_ACCENT_COLOR_NAME = AccentColor;
				CODE_SIGN_STYLE = Automatic;
				DEVELOPMENT_TEAM = GZV4DZHX26;
				FRAMEWORK_SEARCH_PATHS = (
					"$(inherited)",
					"$(PROJECT_DIR)/TMapViewDemo",
				);
				INFOPLIST_FILE = TMapViewDemo/Info.plist;
				LD_RUNPATH_SEARCH_PATHS = (
					"$(inherited)",
					"@executable_path/Frameworks",
				);
				PRODUCT_BUNDLE_IDENTIFIER = com.gmtck.joseph.TMapViewDemo;
				PRODUCT_NAME = "$(TARGET_NAME)";
				SWIFT_VERSION = 5.0;
				TARGETED_DEVICE_FAMILY = "1,2";
				VALIDATE_WORKSPACE = YES;
			};
			name = Release;
		};
/* End XCBuildConfiguration section */

/* Begin XCConfigurationList section */
		B2FAEAC325AC5C5F00C1116B /* Build configuration list for PBXProject "TMapViewDemo" */ = {
			isa = XCConfigurationList;
			buildConfigurations = (
				B2FAEADA25AC5C6200C1116B /* Debug */,
				B2FAEADB25AC5C6200C1116B /* Release */,
			);
			defaultConfigurationIsVisible = 0;
			defaultConfigurationName = Release;
		};
		B2FAEADC25AC5C6200C1116B /* Build configuration list for PBXNativeTarget "TMapViewDemo" */ = {
			isa = XCConfigurationList;
			buildConfigurations = (
				B2FAEADD25AC5C6200C1116B /* Debug */,
				B2FAEADE25AC5C6200C1116B /* Release */,
			);
			defaultConfigurationIsVisible = 0;
			defaultConfigurationName = Release;
		};
/* End XCConfigurationList section */
	};
	rootObject = B2FAEAC025AC5C5F00C1116B /* Project object */;
}
